
Microsoft Visual Studio Solution File, Format Version 12.00
# Visual Studio Version 16
VisualStudioVersion = 16.0.29215.179
MinimumVisualStudioVersion = 10.0.40219.1
Project("{9A19103F-16F7-4668-BE54-9A1E7A4F7556}") = "1", "1\1.csproj", "{42E4D063-2066-48CC-96D8-086143377DC8}"
EndProject
Project("{9A19103F-16F7-4668-BE54-9A1E7A4F7556}") = "2", "2\2.csproj", "{82408479-EB06-4D96-B4B8-A9048D264098}"
EndProject
Project("{9A19103F-16F7-4668-BE54-9A1E7A4F7556}") = "3", "3\3.csproj", "{FC10A4FE-DEB3-445E-B5F1-0B44FEF9ABE0}"
EndProject
Project("{9A19103F-16F7-4668-BE54-9A1E7A4F7556}") = "4", "4\4.csproj", "{AFFC611F-03E3-4D36-9124-47EFED5633A5}"
EndProject
Project("{9A19103F-16F7-4668-BE54-9A1E7A4F7556}") = "5", "5\5.csproj", "{B74C0FCF-D763-47D8-9E24-E0B4F967FDB4}"
EndProject
Project("{9A19103F-16F7-4668-BE54-9A1E7A4F7556}") = "6", "6\6.csproj", "{19BE8A34-AFF0-45DB-9F36-16E8F793DFFA}"
EndProject
Project("{9A19103F-16F7-4668-BE54-9A1E7A4F7556}") = "7", "7\7.csproj", "{2EA45232-254F-46E5-96E2-AF18F41FBD4C}"
EndProject
Project("{9A19103F-16F7-4668-BE54-9A1E7A4F7556}") = "8", "8\8.csproj", "{5D6508A8-CB82-48D6-BE4E-32F939DB659B}"
EndProject
Project("{9A19103F-16F7-4668-BE54-9A1E7A4F7556}") = "9", "9\9.csproj", "{5890888A-57DD-4299-B639-59AF120201C5}"
EndProject
Project("{9A19103F-16F7-4668-BE54-9A1E7A4F7556}") = "10", "10\10.csproj", "{44A8573C-55A8-4A59-81F9-B32D75CC1506}"
EndProject
Project("{9A19103F-16F7-4668-BE54-9A1E7A4F7556}") = "11", "11\11.csproj", "{73AF9292-BDFC-4917-9253-C568132F41AF}"
EndProject
Project("{9A19103F-16F7-4668-BE54-9A1E7A4F7556}") = "12", "12\12.csproj", "{5C8A8B9B-831E-4245-983A-97F49286A67C}"
EndProject
Project("{FAE04EC0-301F-11D3-BF4B-00C04F79EFBC}") = "Joins", "Joins\Joins.csproj", "{9E840A4B-5834-4EEA-A573-CE321DBC52BE}"
EndProject
Global
	GlobalSection(SolutionConfigurationPlatforms) = preSolution
		Debug|Any CPU = Debug|Any CPU
		Release|Any CPU = Release|Any CPU
	EndGlobalSection
	GlobalSection(ProjectConfigurationPlatforms) = postSolution
		{42E4D063-2066-48CC-96D8-086143377DC8}.Debug|Any CPU.ActiveCfg = Debug|Any CPU
		{42E4D063-2066-48CC-96D8-086143377DC8}.Debug|Any CPU.Build.0 = Debug|Any CPU
		{42E4D063-2066-48CC-96D8-086143377DC8}.Release|Any CPU.ActiveCfg = Release|Any CPU
		{42E4D063-2066-48CC-96D8-086143377DC8}.Release|Any CPU.Build.0 = Release|Any CPU
		{82408479-EB06-4D96-B4B8-A9048D264098}.Debug|Any CPU.ActiveCfg = Debug|Any CPU
		{82408479-EB06-4D96-B4B8-A9048D264098}.Debug|Any CPU.Build.0 = Debug|Any CPU
		{82408479-EB06-4D96-B4B8-A9048D264098}.Release|Any CPU.ActiveCfg = Release|Any CPU
		{82408479-EB06-4D96-B4B8-A9048D264098}.Release|Any CPU.Build.0 = Release|Any CPU
		{FC10A4FE-DEB3-445E-B5F1-0B44FEF9ABE0}.Debug|Any CPU.ActiveCfg = Debug|Any CPU
		{FC10A4FE-DEB3-445E-B5F1-0B44FEF9ABE0}.Debug|Any CPU.Build.0 = Debug|Any CPU
		{FC10A4FE-DEB3-445E-B5F1-0B44FEF9ABE0}.Release|Any CPU.ActiveCfg = Release|Any CPU
		{FC10A4FE-DEB3-445E-B5F1-0B44FEF9ABE0}.Release|Any CPU.Build.0 = Release|Any CPU
		{AFFC611F-03E3-4D36-9124-47EFED5633A5}.Debug|Any CPU.ActiveCfg = Debug|Any CPU
		{AFFC611F-03E3-4D36-9124-47EFED5633A5}.Debug|Any CPU.Build.0 = Debug|Any CPU
		{AFFC611F-03E3-4D36-9124-47EFED5633A5}.Release|Any CPU.ActiveCfg = Release|Any CPU
		{AFFC611F-03E3-4D36-9124-47EFED5633A5}.Release|Any CPU.Build.0 = Release|Any CPU
		{B74C0FCF-D763-47D8-9E24-E0B4F967FDB4}.Debug|Any CPU.ActiveCfg = Debug|Any CPU
		{B74C0FCF-D763-47D8-9E24-E0B4F967FDB4}.Debug|Any CPU.Build.0 = Debug|Any CPU
		{B74C0FCF-D763-47D8-9E24-E0B4F967FDB4}.Release|Any CPU.ActiveCfg = Release|Any CPU
		{B74C0FCF-D763-47D8-9E24-E0B4F967FDB4}.Release|Any CPU.Build.0 = Release|Any CPU
		{19BE8A34-AFF0-45DB-9F36-16E8F793DFFA}.Debug|Any CPU.ActiveCfg = Debug|Any CPU
		{19BE8A34-AFF0-45DB-9F36-16E8F793DFFA}.Debug|Any CPU.Build.0 = Debug|Any CPU
		{19BE8A34-AFF0-45DB-9F36-16E8F793DFFA}.Release|Any CPU.ActiveCfg = Release|Any CPU
		{19BE8A34-AFF0-45DB-9F36-16E8F793DFFA}.Release|Any CPU.Build.0 = Release|Any CPU
		{2EA45232-254F-46E5-96E2-AF18F41FBD4C}.Debug|Any CPU.ActiveCfg = Debug|Any CPU
		{2EA45232-254F-46E5-96E2-AF18F41FBD4C}.Debug|Any CPU.Build.0 = Debug|Any CPU
		{2EA45232-254F-46E5-96E2-AF18F41FBD4C}.Release|Any CPU.ActiveCfg = Release|Any CPU
		{2EA45232-254F-46E5-96E2-AF18F41FBD4C}.Release|Any CPU.Build.0 = Release|Any CPU
		{5D6508A8-CB82-48D6-BE4E-32F939DB659B}.Debug|Any CPU.ActiveCfg = Debug|Any CPU
		{5D6508A8-CB82-48D6-BE4E-32F939DB659B}.Debug|Any CPU.Build.0 = Debug|Any CPU
		{5D6508A8-CB82-48D6-BE4E-32F939DB659B}.Release|Any CPU.ActiveCfg = Release|Any CPU
		{5D6508A8-CB82-48D6-BE4E-32F939DB659B}.Release|Any CPU.Build.0 = Release|Any CPU
		{5890888A-57DD-4299-B639-59AF120201C5}.Debug|Any CPU.ActiveCfg = Debug|Any CPU
		{5890888A-57DD-4299-B639-59AF120201C5}.Debug|Any CPU.Build.0 = Debug|Any CPU
		{5890888A-57DD-4299-B639-59AF120201C5}.Release|Any CPU.ActiveCfg = Release|Any CPU
		{5890888A-57DD-4299-B639-59AF120201C5}.Release|Any CPU.Build.0 = Release|Any CPU
		{44A8573C-55A8-4A59-81F9-B32D75CC1506}.Debug|Any CPU.ActiveCfg = Debug|Any CPU
		{44A8573C-55A8-4A59-81F9-B32D75CC1506}.Debug|Any CPU.Build.0 = Debug|Any CPU
		{44A8573C-55A8-4A59-81F9-B32D75CC1506}.Release|Any CPU.ActiveCfg = Release|Any CPU
		{44A8573C-55A8-4A59-81F9-B32D75CC1506}.Release|Any CPU.Build.0 = Release|Any CPU
		{73AF9292-BDFC-4917-9253-C568132F41AF}.Debug|Any CPU.ActiveCfg = Debug|Any CPU
		{73AF9292-BDFC-4917-9253-C568132F41AF}.Debug|Any CPU.Build.0 = Debug|Any CPU
		{73AF9292-BDFC-4917-9253-C568132F41AF}.Release|Any CPU.ActiveCfg = Release|Any CPU
		{73AF9292-BDFC-4917-9253-C568132F41AF}.Release|Any CPU.Build.0 = Release|Any CPU
		{5C8A8B9B-831E-4245-983A-97F49286A67C}.Debug|Any CPU.ActiveCfg = Debug|Any CPU
		{5C8A8B9B-831E-4245-983A-97F49286A67C}.Debug|Any CPU.Build.0 = Debug|Any CPU
		{5C8A8B9B-831E-4245-983A-97F49286A67C}.Release|Any CPU.ActiveCfg = Release|Any CPU
		{5C8A8B9B-831E-4245-983A-97F49286A67C}.Release|Any CPU.Build.0 = Release|Any CPU
		{9E840A4B-5834-4EEA-A573-CE321DBC52BE}.Debug|Any CPU.ActiveCfg = Debug|Any CPU
		{9E840A4B-5834-4EEA-A573-CE321DBC52BE}.Debug|Any CPU.Build.0 = Debug|Any CPU
		{9E840A4B-5834-4EEA-A573-CE321DBC52BE}.Release|Any CPU.ActiveCfg = Release|Any CPU
		{9E840A4B-5834-4EEA-A573-CE321DBC52BE}.Release|Any CPU.Build.0 = Release|Any CPU
	EndGlobalSection
	GlobalSection(SolutionProperties) = preSolution
		HideSolutionNode = FALSE
	EndGlobalSection
	GlobalSection(ExtensibilityGlobals) = postSolution
		SolutionGuid = {6F7FE917-094B-4D50-A9C1-9953D6366665}
	EndGlobalSection
EndGlobal
