
Microsoft Visual Studio Solution File, Format Version 12.00
# Visual Studio Version 16
VisualStudioVersion = 16.0.29215.179
MinimumVisualStudioVersion = 10.0.40219.1
Project("{9A19103F-16F7-4668-BE54-9A1E7A4F7556}") = "1", "1\1.csproj", "{925A788A-9AD8-4CF4-9199-0B3078E27998}"
EndProject
Project("{9A19103F-16F7-4668-BE54-9A1E7A4F7556}") = "2", "2\2.csproj", "{2B36BF81-296C-49DF-8CA3-9120D01133E9}"
EndProject
Project("{9A19103F-16F7-4668-BE54-9A1E7A4F7556}") = "3", "3\3.csproj", "{439AC62D-F3F8-40F4-93CA-DF84B0C7566B}"
EndProject
Project("{9A19103F-16F7-4668-BE54-9A1E7A4F7556}") = "4", "4\4.csproj", "{F8F3FDA6-512A-4331-AFF2-9E2C2FA80700}"
EndProject
Project("{9A19103F-16F7-4668-BE54-9A1E7A4F7556}") = "5", "5\5.csproj", "{C28A8771-BBCE-47BA-9A02-D082D12C03F4}"
EndProject
Project("{9A19103F-16F7-4668-BE54-9A1E7A4F7556}") = "6", "6\6.csproj", "{B2DA83F1-A68A-4D89-B8FC-5E93B0EDBF5B}"
EndProject
Project("{9A19103F-16F7-4668-BE54-9A1E7A4F7556}") = "7 (not working)", "7\7 (not working).csproj", "{C5016139-EE83-4B33-B6EF-9E1F2989218A}"
EndProject
Project("{9A19103F-16F7-4668-BE54-9A1E7A4F7556}") = "7 (Rework)", "7 (Rework)\7 (Rework).csproj", "{3922DC89-50EE-4215-9F45-963AD3EFBBA0}"
EndProject
Project("{FAE04EC0-301F-11D3-BF4B-00C04F79EFBC}") = "8", "8\8.csproj", "{0628ED29-71F9-4F61-8245-0AD73020CDDA}"
EndProject
Project("{FAE04EC0-301F-11D3-BF4B-00C04F79EFBC}") = "9", "9\9.csproj", "{8F949C76-381C-4E37-A565-23E9F6C0CB3B}"
EndProject
Project("{FAE04EC0-301F-11D3-BF4B-00C04F79EFBC}") = "10", "10\10.csproj", "{7DA608A4-2B8B-4BFB-91D7-2F057DA7EA6E}"
EndProject
Project("{FAE04EC0-301F-11D3-BF4B-00C04F79EFBC}") = "11", "11\11.csproj", "{E3225262-0927-46FD-8DDC-63320FA6E987}"
EndProject
Project("{FAE04EC0-301F-11D3-BF4B-00C04F79EFBC}") = "12", "12\12.csproj", "{7E2BF124-4C8D-4377-A7E4-E599765677ED}"
EndProject
Project("{FAE04EC0-301F-11D3-BF4B-00C04F79EFBC}") = "13", "13\13.csproj", "{64589100-2F76-40F3-840E-CC06B028A6A3}"
EndProject
Global
	GlobalSection(SolutionConfigurationPlatforms) = preSolution
		Debug|Any CPU = Debug|Any CPU
		Release|Any CPU = Release|Any CPU
	EndGlobalSection
	GlobalSection(ProjectConfigurationPlatforms) = postSolution
		{925A788A-9AD8-4CF4-9199-0B3078E27998}.Debug|Any CPU.ActiveCfg = Debug|Any CPU
		{925A788A-9AD8-4CF4-9199-0B3078E27998}.Debug|Any CPU.Build.0 = Debug|Any CPU
		{925A788A-9AD8-4CF4-9199-0B3078E27998}.Release|Any CPU.ActiveCfg = Release|Any CPU
		{925A788A-9AD8-4CF4-9199-0B3078E27998}.Release|Any CPU.Build.0 = Release|Any CPU
		{2B36BF81-296C-49DF-8CA3-9120D01133E9}.Debug|Any CPU.ActiveCfg = Debug|Any CPU
		{2B36BF81-296C-49DF-8CA3-9120D01133E9}.Debug|Any CPU.Build.0 = Debug|Any CPU
		{2B36BF81-296C-49DF-8CA3-9120D01133E9}.Release|Any CPU.ActiveCfg = Release|Any CPU
		{2B36BF81-296C-49DF-8CA3-9120D01133E9}.Release|Any CPU.Build.0 = Release|Any CPU
		{439AC62D-F3F8-40F4-93CA-DF84B0C7566B}.Debug|Any CPU.ActiveCfg = Debug|Any CPU
		{439AC62D-F3F8-40F4-93CA-DF84B0C7566B}.Debug|Any CPU.Build.0 = Debug|Any CPU
		{439AC62D-F3F8-40F4-93CA-DF84B0C7566B}.Release|Any CPU.ActiveCfg = Release|Any CPU
		{439AC62D-F3F8-40F4-93CA-DF84B0C7566B}.Release|Any CPU.Build.0 = Release|Any CPU
		{F8F3FDA6-512A-4331-AFF2-9E2C2FA80700}.Debug|Any CPU.ActiveCfg = Debug|Any CPU
		{F8F3FDA6-512A-4331-AFF2-9E2C2FA80700}.Debug|Any CPU.Build.0 = Debug|Any CPU
		{F8F3FDA6-512A-4331-AFF2-9E2C2FA80700}.Release|Any CPU.ActiveCfg = Release|Any CPU
		{F8F3FDA6-512A-4331-AFF2-9E2C2FA80700}.Release|Any CPU.Build.0 = Release|Any CPU
		{C28A8771-BBCE-47BA-9A02-D082D12C03F4}.Debug|Any CPU.ActiveCfg = Debug|Any CPU
		{C28A8771-BBCE-47BA-9A02-D082D12C03F4}.Debug|Any CPU.Build.0 = Debug|Any CPU
		{C28A8771-BBCE-47BA-9A02-D082D12C03F4}.Release|Any CPU.ActiveCfg = Release|Any CPU
		{C28A8771-BBCE-47BA-9A02-D082D12C03F4}.Release|Any CPU.Build.0 = Release|Any CPU
		{B2DA83F1-A68A-4D89-B8FC-5E93B0EDBF5B}.Debug|Any CPU.ActiveCfg = Debug|Any CPU
		{B2DA83F1-A68A-4D89-B8FC-5E93B0EDBF5B}.Debug|Any CPU.Build.0 = Debug|Any CPU
		{B2DA83F1-A68A-4D89-B8FC-5E93B0EDBF5B}.Release|Any CPU.ActiveCfg = Release|Any CPU
		{B2DA83F1-A68A-4D89-B8FC-5E93B0EDBF5B}.Release|Any CPU.Build.0 = Release|Any CPU
		{C5016139-EE83-4B33-B6EF-9E1F2989218A}.Debug|Any CPU.ActiveCfg = Debug|Any CPU
		{C5016139-EE83-4B33-B6EF-9E1F2989218A}.Debug|Any CPU.Build.0 = Debug|Any CPU
		{C5016139-EE83-4B33-B6EF-9E1F2989218A}.Release|Any CPU.ActiveCfg = Release|Any CPU
		{C5016139-EE83-4B33-B6EF-9E1F2989218A}.Release|Any CPU.Build.0 = Release|Any CPU
		{3922DC89-50EE-4215-9F45-963AD3EFBBA0}.Debug|Any CPU.ActiveCfg = Debug|Any CPU
		{3922DC89-50EE-4215-9F45-963AD3EFBBA0}.Debug|Any CPU.Build.0 = Debug|Any CPU
		{3922DC89-50EE-4215-9F45-963AD3EFBBA0}.Release|Any CPU.ActiveCfg = Release|Any CPU
		{3922DC89-50EE-4215-9F45-963AD3EFBBA0}.Release|Any CPU.Build.0 = Release|Any CPU
		{0628ED29-71F9-4F61-8245-0AD73020CDDA}.Debug|Any CPU.ActiveCfg = Debug|Any CPU
		{0628ED29-71F9-4F61-8245-0AD73020CDDA}.Debug|Any CPU.Build.0 = Debug|Any CPU
		{0628ED29-71F9-4F61-8245-0AD73020CDDA}.Release|Any CPU.ActiveCfg = Release|Any CPU
		{0628ED29-71F9-4F61-8245-0AD73020CDDA}.Release|Any CPU.Build.0 = Release|Any CPU
		{8F949C76-381C-4E37-A565-23E9F6C0CB3B}.Debug|Any CPU.ActiveCfg = Debug|Any CPU
		{8F949C76-381C-4E37-A565-23E9F6C0CB3B}.Debug|Any CPU.Build.0 = Debug|Any CPU
		{8F949C76-381C-4E37-A565-23E9F6C0CB3B}.Release|Any CPU.ActiveCfg = Release|Any CPU
		{8F949C76-381C-4E37-A565-23E9F6C0CB3B}.Release|Any CPU.Build.0 = Release|Any CPU
		{7DA608A4-2B8B-4BFB-91D7-2F057DA7EA6E}.Debug|Any CPU.ActiveCfg = Debug|Any CPU
		{7DA608A4-2B8B-4BFB-91D7-2F057DA7EA6E}.Debug|Any CPU.Build.0 = Debug|Any CPU
		{7DA608A4-2B8B-4BFB-91D7-2F057DA7EA6E}.Release|Any CPU.ActiveCfg = Release|Any CPU
		{7DA608A4-2B8B-4BFB-91D7-2F057DA7EA6E}.Release|Any CPU.Build.0 = Release|Any CPU
		{E3225262-0927-46FD-8DDC-63320FA6E987}.Debug|Any CPU.ActiveCfg = Debug|Any CPU
		{E3225262-0927-46FD-8DDC-63320FA6E987}.Debug|Any CPU.Build.0 = Debug|Any CPU
		{E3225262-0927-46FD-8DDC-63320FA6E987}.Release|Any CPU.ActiveCfg = Release|Any CPU
		{E3225262-0927-46FD-8DDC-63320FA6E987}.Release|Any CPU.Build.0 = Release|Any CPU
		{7E2BF124-4C8D-4377-A7E4-E599765677ED}.Debug|Any CPU.ActiveCfg = Debug|Any CPU
		{7E2BF124-4C8D-4377-A7E4-E599765677ED}.Debug|Any CPU.Build.0 = Debug|Any CPU
		{7E2BF124-4C8D-4377-A7E4-E599765677ED}.Release|Any CPU.ActiveCfg = Release|Any CPU
		{7E2BF124-4C8D-4377-A7E4-E599765677ED}.Release|Any CPU.Build.0 = Release|Any CPU
		{64589100-2F76-40F3-840E-CC06B028A6A3}.Debug|Any CPU.ActiveCfg = Debug|Any CPU
		{64589100-2F76-40F3-840E-CC06B028A6A3}.Debug|Any CPU.Build.0 = Debug|Any CPU
		{64589100-2F76-40F3-840E-CC06B028A6A3}.Release|Any CPU.ActiveCfg = Release|Any CPU
		{64589100-2F76-40F3-840E-CC06B028A6A3}.Release|Any CPU.Build.0 = Release|Any CPU
	EndGlobalSection
	GlobalSection(SolutionProperties) = preSolution
		HideSolutionNode = FALSE
	EndGlobalSection
	GlobalSection(ExtensibilityGlobals) = postSolution
		SolutionGuid = {07152AE3-91A8-4638-808D-809B961B4562}
	EndGlobalSection
EndGlobal
