
Microsoft Visual Studio Solution File, Format Version 12.00
# Visual Studio Version 16
VisualStudioVersion = 16.0.29215.179
MinimumVisualStudioVersion = 10.0.40219.1
Project("{9A19103F-16F7-4668-BE54-9A1E7A4F7556}") = "4", "4\4.csproj", "{3B64D001-369B-4F3C-9316-92DA97D1F65D}"
EndProject
Project("{9A19103F-16F7-4668-BE54-9A1E7A4F7556}") = "Tests", "Tests\Tests.csproj", "{CA29C46F-10C6-45D5-83D7-CBFDE54E981E}"
EndProject
Project("{9A19103F-16F7-4668-BE54-9A1E7A4F7556}") = "5", "5\5.csproj", "{C7A31D62-425E-460B-932E-B2A4EBC2FC7F}"
EndProject
Project("{9A19103F-16F7-4668-BE54-9A1E7A4F7556}") = "6", "6\6.csproj", "{A3666C2E-B1E8-4CDB-882E-6268B43A2549}"
EndProject
Project("{9A19103F-16F7-4668-BE54-9A1E7A4F7556}") = "7", "7\7.csproj", "{FC8F9ABD-9966-4DB8-B90A-68ED4DE23BF7}"
EndProject
Project("{9A19103F-16F7-4668-BE54-9A1E7A4F7556}") = "8", "8\8.csproj", "{CF71A2D0-5BBD-4759-8C4F-65A69D23D347}"
EndProject
Project("{9A19103F-16F7-4668-BE54-9A1E7A4F7556}") = "9", "9\9.csproj", "{1BA39F6E-D3EF-42E4-BE52-1DC967D6A4A4}"
EndProject
Project("{9A19103F-16F7-4668-BE54-9A1E7A4F7556}") = "10", "10\10.csproj", "{87F315F6-8230-4446-9D29-1594D5ED74DB}"
EndProject
Project("{9A19103F-16F7-4668-BE54-9A1E7A4F7556}") = "11", "11\11.csproj", "{26329DEC-A478-4A95-9DC8-9C7EE7B9C5D4}"
EndProject
Project("{9A19103F-16F7-4668-BE54-9A1E7A4F7556}") = "12", "12\12.csproj", "{864611AF-1D92-47B5-8F05-A0D6F14582C1}"
EndProject
Project("{9A19103F-16F7-4668-BE54-9A1E7A4F7556}") = "13", "13\13.csproj", "{D54B1105-96EC-4E0D-9DA6-582A45AAEAB8}"
EndProject
Project("{9A19103F-16F7-4668-BE54-9A1E7A4F7556}") = "14", "14\14.csproj", "{D089BDF2-9F31-4881-8D5B-27B1987AFF12}"
EndProject
Project("{9A19103F-16F7-4668-BE54-9A1E7A4F7556}") = "15", "15\15.csproj", "{7F2927D4-CB7B-4E94-9A3B-17BAC1540B93}"
EndProject
Project("{9A19103F-16F7-4668-BE54-9A1E7A4F7556}") = "16", "16\16.csproj", "{3F048765-0A9E-49F9-9C4B-0C19A0BA71F6}"
EndProject
Project("{9A19103F-16F7-4668-BE54-9A1E7A4F7556}") = "17", "17\17.csproj", "{9BC2111A-2EE0-41E8-B174-A84188E85AF2}"
EndProject
Global
	GlobalSection(SolutionConfigurationPlatforms) = preSolution
		Debug|Any CPU = Debug|Any CPU
		Release|Any CPU = Release|Any CPU
	EndGlobalSection
	GlobalSection(ProjectConfigurationPlatforms) = postSolution
		{3B64D001-369B-4F3C-9316-92DA97D1F65D}.Debug|Any CPU.ActiveCfg = Debug|Any CPU
		{3B64D001-369B-4F3C-9316-92DA97D1F65D}.Debug|Any CPU.Build.0 = Debug|Any CPU
		{3B64D001-369B-4F3C-9316-92DA97D1F65D}.Release|Any CPU.ActiveCfg = Release|Any CPU
		{3B64D001-369B-4F3C-9316-92DA97D1F65D}.Release|Any CPU.Build.0 = Release|Any CPU
		{CA29C46F-10C6-45D5-83D7-CBFDE54E981E}.Debug|Any CPU.ActiveCfg = Debug|Any CPU
		{CA29C46F-10C6-45D5-83D7-CBFDE54E981E}.Debug|Any CPU.Build.0 = Debug|Any CPU
		{CA29C46F-10C6-45D5-83D7-CBFDE54E981E}.Release|Any CPU.ActiveCfg = Release|Any CPU
		{CA29C46F-10C6-45D5-83D7-CBFDE54E981E}.Release|Any CPU.Build.0 = Release|Any CPU
		{C7A31D62-425E-460B-932E-B2A4EBC2FC7F}.Debug|Any CPU.ActiveCfg = Debug|Any CPU
		{C7A31D62-425E-460B-932E-B2A4EBC2FC7F}.Debug|Any CPU.Build.0 = Debug|Any CPU
		{C7A31D62-425E-460B-932E-B2A4EBC2FC7F}.Release|Any CPU.ActiveCfg = Release|Any CPU
		{C7A31D62-425E-460B-932E-B2A4EBC2FC7F}.Release|Any CPU.Build.0 = Release|Any CPU
		{A3666C2E-B1E8-4CDB-882E-6268B43A2549}.Debug|Any CPU.ActiveCfg = Debug|Any CPU
		{A3666C2E-B1E8-4CDB-882E-6268B43A2549}.Debug|Any CPU.Build.0 = Debug|Any CPU
		{A3666C2E-B1E8-4CDB-882E-6268B43A2549}.Release|Any CPU.ActiveCfg = Release|Any CPU
		{A3666C2E-B1E8-4CDB-882E-6268B43A2549}.Release|Any CPU.Build.0 = Release|Any CPU
		{FC8F9ABD-9966-4DB8-B90A-68ED4DE23BF7}.Debug|Any CPU.ActiveCfg = Debug|Any CPU
		{FC8F9ABD-9966-4DB8-B90A-68ED4DE23BF7}.Debug|Any CPU.Build.0 = Debug|Any CPU
		{FC8F9ABD-9966-4DB8-B90A-68ED4DE23BF7}.Release|Any CPU.ActiveCfg = Release|Any CPU
		{FC8F9ABD-9966-4DB8-B90A-68ED4DE23BF7}.Release|Any CPU.Build.0 = Release|Any CPU
		{CF71A2D0-5BBD-4759-8C4F-65A69D23D347}.Debug|Any CPU.ActiveCfg = Debug|Any CPU
		{CF71A2D0-5BBD-4759-8C4F-65A69D23D347}.Debug|Any CPU.Build.0 = Debug|Any CPU
		{CF71A2D0-5BBD-4759-8C4F-65A69D23D347}.Release|Any CPU.ActiveCfg = Release|Any CPU
		{CF71A2D0-5BBD-4759-8C4F-65A69D23D347}.Release|Any CPU.Build.0 = Release|Any CPU
		{1BA39F6E-D3EF-42E4-BE52-1DC967D6A4A4}.Debug|Any CPU.ActiveCfg = Debug|Any CPU
		{1BA39F6E-D3EF-42E4-BE52-1DC967D6A4A4}.Debug|Any CPU.Build.0 = Debug|Any CPU
		{1BA39F6E-D3EF-42E4-BE52-1DC967D6A4A4}.Release|Any CPU.ActiveCfg = Release|Any CPU
		{1BA39F6E-D3EF-42E4-BE52-1DC967D6A4A4}.Release|Any CPU.Build.0 = Release|Any CPU
		{87F315F6-8230-4446-9D29-1594D5ED74DB}.Debug|Any CPU.ActiveCfg = Debug|Any CPU
		{87F315F6-8230-4446-9D29-1594D5ED74DB}.Debug|Any CPU.Build.0 = Debug|Any CPU
		{87F315F6-8230-4446-9D29-1594D5ED74DB}.Release|Any CPU.ActiveCfg = Release|Any CPU
		{87F315F6-8230-4446-9D29-1594D5ED74DB}.Release|Any CPU.Build.0 = Release|Any CPU
		{26329DEC-A478-4A95-9DC8-9C7EE7B9C5D4}.Debug|Any CPU.ActiveCfg = Debug|Any CPU
		{26329DEC-A478-4A95-9DC8-9C7EE7B9C5D4}.Debug|Any CPU.Build.0 = Debug|Any CPU
		{26329DEC-A478-4A95-9DC8-9C7EE7B9C5D4}.Release|Any CPU.ActiveCfg = Release|Any CPU
		{26329DEC-A478-4A95-9DC8-9C7EE7B9C5D4}.Release|Any CPU.Build.0 = Release|Any CPU
		{864611AF-1D92-47B5-8F05-A0D6F14582C1}.Debug|Any CPU.ActiveCfg = Debug|Any CPU
		{864611AF-1D92-47B5-8F05-A0D6F14582C1}.Debug|Any CPU.Build.0 = Debug|Any CPU
		{864611AF-1D92-47B5-8F05-A0D6F14582C1}.Release|Any CPU.ActiveCfg = Release|Any CPU
		{864611AF-1D92-47B5-8F05-A0D6F14582C1}.Release|Any CPU.Build.0 = Release|Any CPU
		{D54B1105-96EC-4E0D-9DA6-582A45AAEAB8}.Debug|Any CPU.ActiveCfg = Debug|Any CPU
		{D54B1105-96EC-4E0D-9DA6-582A45AAEAB8}.Debug|Any CPU.Build.0 = Debug|Any CPU
		{D54B1105-96EC-4E0D-9DA6-582A45AAEAB8}.Release|Any CPU.ActiveCfg = Release|Any CPU
		{D54B1105-96EC-4E0D-9DA6-582A45AAEAB8}.Release|Any CPU.Build.0 = Release|Any CPU
		{D089BDF2-9F31-4881-8D5B-27B1987AFF12}.Debug|Any CPU.ActiveCfg = Debug|Any CPU
		{D089BDF2-9F31-4881-8D5B-27B1987AFF12}.Debug|Any CPU.Build.0 = Debug|Any CPU
		{D089BDF2-9F31-4881-8D5B-27B1987AFF12}.Release|Any CPU.ActiveCfg = Release|Any CPU
		{D089BDF2-9F31-4881-8D5B-27B1987AFF12}.Release|Any CPU.Build.0 = Release|Any CPU
		{7F2927D4-CB7B-4E94-9A3B-17BAC1540B93}.Debug|Any CPU.ActiveCfg = Debug|Any CPU
		{7F2927D4-CB7B-4E94-9A3B-17BAC1540B93}.Debug|Any CPU.Build.0 = Debug|Any CPU
		{7F2927D4-CB7B-4E94-9A3B-17BAC1540B93}.Release|Any CPU.ActiveCfg = Release|Any CPU
		{7F2927D4-CB7B-4E94-9A3B-17BAC1540B93}.Release|Any CPU.Build.0 = Release|Any CPU
		{3F048765-0A9E-49F9-9C4B-0C19A0BA71F6}.Debug|Any CPU.ActiveCfg = Debug|Any CPU
		{3F048765-0A9E-49F9-9C4B-0C19A0BA71F6}.Debug|Any CPU.Build.0 = Debug|Any CPU
		{3F048765-0A9E-49F9-9C4B-0C19A0BA71F6}.Release|Any CPU.ActiveCfg = Release|Any CPU
		{3F048765-0A9E-49F9-9C4B-0C19A0BA71F6}.Release|Any CPU.Build.0 = Release|Any CPU
		{9BC2111A-2EE0-41E8-B174-A84188E85AF2}.Debug|Any CPU.ActiveCfg = Debug|Any CPU
		{9BC2111A-2EE0-41E8-B174-A84188E85AF2}.Debug|Any CPU.Build.0 = Debug|Any CPU
		{9BC2111A-2EE0-41E8-B174-A84188E85AF2}.Release|Any CPU.ActiveCfg = Release|Any CPU
		{9BC2111A-2EE0-41E8-B174-A84188E85AF2}.Release|Any CPU.Build.0 = Release|Any CPU
	EndGlobalSection
	GlobalSection(SolutionProperties) = preSolution
		HideSolutionNode = FALSE
	EndGlobalSection
	GlobalSection(ExtensibilityGlobals) = postSolution
		SolutionGuid = {7FBBF176-77FB-4069-9C41-948EABB71465}
	EndGlobalSection
EndGlobal
