
Microsoft Visual Studio Solution File, Format Version 12.00
# Visual Studio Version 16
VisualStudioVersion = 16.0.29215.179
MinimumVisualStudioVersion = 10.0.40219.1
Project("{9A19103F-16F7-4668-BE54-9A1E7A4F7556}") = "1", "1\1.csproj", "{40D53467-E818-43FD-9919-50571CF130F3}"
EndProject
Project("{9A19103F-16F7-4668-BE54-9A1E7A4F7556}") = "2", "2\2.csproj", "{DFC71C0D-4EA9-432A-B753-C2AC048E5765}"
EndProject
Project("{9A19103F-16F7-4668-BE54-9A1E7A4F7556}") = "3", "3\3.csproj", "{25D74D72-D635-47B8-BB9D-9E0858FB7521}"
EndProject
Project("{9A19103F-16F7-4668-BE54-9A1E7A4F7556}") = "testPubSub", "testPubSub\testPubSub.csproj", "{5B3D86E9-3CE6-44E1-BE5D-36565AD9F739}"
EndProject
Project("{FAE04EC0-301F-11D3-BF4B-00C04F79EFBC}") = "4", "4\4.csproj", "{6AEBD69F-FED0-4B7D-9BAC-E87661D5776D}"
EndProject
Project("{FAE04EC0-301F-11D3-BF4B-00C04F79EFBC}") = "5", "5\5.csproj", "{99CB432F-D778-4018-8BA0-0E8981BB3AAD}"
EndProject
Global
	GlobalSection(SolutionConfigurationPlatforms) = preSolution
		Debug|Any CPU = Debug|Any CPU
		Release|Any CPU = Release|Any CPU
	EndGlobalSection
	GlobalSection(ProjectConfigurationPlatforms) = postSolution
		{40D53467-E818-43FD-9919-50571CF130F3}.Debug|Any CPU.ActiveCfg = Debug|Any CPU
		{40D53467-E818-43FD-9919-50571CF130F3}.Debug|Any CPU.Build.0 = Debug|Any CPU
		{40D53467-E818-43FD-9919-50571CF130F3}.Release|Any CPU.ActiveCfg = Release|Any CPU
		{40D53467-E818-43FD-9919-50571CF130F3}.Release|Any CPU.Build.0 = Release|Any CPU
		{DFC71C0D-4EA9-432A-B753-C2AC048E5765}.Debug|Any CPU.ActiveCfg = Debug|Any CPU
		{DFC71C0D-4EA9-432A-B753-C2AC048E5765}.Debug|Any CPU.Build.0 = Debug|Any CPU
		{DFC71C0D-4EA9-432A-B753-C2AC048E5765}.Release|Any CPU.ActiveCfg = Release|Any CPU
		{DFC71C0D-4EA9-432A-B753-C2AC048E5765}.Release|Any CPU.Build.0 = Release|Any CPU
		{25D74D72-D635-47B8-BB9D-9E0858FB7521}.Debug|Any CPU.ActiveCfg = Debug|Any CPU
		{25D74D72-D635-47B8-BB9D-9E0858FB7521}.Debug|Any CPU.Build.0 = Debug|Any CPU
		{25D74D72-D635-47B8-BB9D-9E0858FB7521}.Release|Any CPU.ActiveCfg = Release|Any CPU
		{25D74D72-D635-47B8-BB9D-9E0858FB7521}.Release|Any CPU.Build.0 = Release|Any CPU
		{5B3D86E9-3CE6-44E1-BE5D-36565AD9F739}.Debug|Any CPU.ActiveCfg = Debug|Any CPU
		{5B3D86E9-3CE6-44E1-BE5D-36565AD9F739}.Debug|Any CPU.Build.0 = Debug|Any CPU
		{5B3D86E9-3CE6-44E1-BE5D-36565AD9F739}.Release|Any CPU.ActiveCfg = Release|Any CPU
		{5B3D86E9-3CE6-44E1-BE5D-36565AD9F739}.Release|Any CPU.Build.0 = Release|Any CPU
		{6AEBD69F-FED0-4B7D-9BAC-E87661D5776D}.Debug|Any CPU.ActiveCfg = Debug|Any CPU
		{6AEBD69F-FED0-4B7D-9BAC-E87661D5776D}.Debug|Any CPU.Build.0 = Debug|Any CPU
		{6AEBD69F-FED0-4B7D-9BAC-E87661D5776D}.Release|Any CPU.ActiveCfg = Release|Any CPU
		{6AEBD69F-FED0-4B7D-9BAC-E87661D5776D}.Release|Any CPU.Build.0 = Release|Any CPU
		{99CB432F-D778-4018-8BA0-0E8981BB3AAD}.Debug|Any CPU.ActiveCfg = Debug|Any CPU
		{99CB432F-D778-4018-8BA0-0E8981BB3AAD}.Debug|Any CPU.Build.0 = Debug|Any CPU
		{99CB432F-D778-4018-8BA0-0E8981BB3AAD}.Release|Any CPU.ActiveCfg = Release|Any CPU
		{99CB432F-D778-4018-8BA0-0E8981BB3AAD}.Release|Any CPU.Build.0 = Release|Any CPU
	EndGlobalSection
	GlobalSection(SolutionProperties) = preSolution
		HideSolutionNode = FALSE
	EndGlobalSection
	GlobalSection(ExtensibilityGlobals) = postSolution
		SolutionGuid = {3503F799-A209-4513-A60C-FC4DD3548FAF}
	EndGlobalSection
EndGlobal
