
Microsoft Visual Studio Solution File, Format Version 12.00
# Visual Studio Version 16
VisualStudioVersion = 16.0.29215.179
MinimumVisualStudioVersion = 10.0.40219.1
Project("{9A19103F-16F7-4668-BE54-9A1E7A4F7556}") = "1", "1\1.csproj", "{F94434DD-41C4-4B85-BB95-6BC7A3570CD8}"
EndProject
Project("{9A19103F-16F7-4668-BE54-9A1E7A4F7556}") = "2", "2\2.csproj", "{A826D992-F19C-4F16-81FF-C8BDFE2627F4}"
EndProject
Project("{9A19103F-16F7-4668-BE54-9A1E7A4F7556}") = "3", "3\3.csproj", "{6C76B183-CBAF-4E0A-998B-580D976918D6}"
EndProject
Project("{9A19103F-16F7-4668-BE54-9A1E7A4F7556}") = "4", "4\4.csproj", "{0D231599-9559-4326-A86F-7F8052A316C2}"
EndProject
Project("{FAE04EC0-301F-11D3-BF4B-00C04F79EFBC}") = "5", "5\5.csproj", "{E42DB691-5E33-42A7-A80A-3A220E831DF9}"
EndProject
Project("{FAE04EC0-301F-11D3-BF4B-00C04F79EFBC}") = "6", "6\6.csproj", "{2C63F058-49A8-4918-BBF3-7ABD1490E40A}"
EndProject
Global
	GlobalSection(SolutionConfigurationPlatforms) = preSolution
		Debug|Any CPU = Debug|Any CPU
		Release|Any CPU = Release|Any CPU
	EndGlobalSection
	GlobalSection(ProjectConfigurationPlatforms) = postSolution
		{F94434DD-41C4-4B85-BB95-6BC7A3570CD8}.Debug|Any CPU.ActiveCfg = Debug|Any CPU
		{F94434DD-41C4-4B85-BB95-6BC7A3570CD8}.Debug|Any CPU.Build.0 = Debug|Any CPU
		{F94434DD-41C4-4B85-BB95-6BC7A3570CD8}.Release|Any CPU.ActiveCfg = Release|Any CPU
		{F94434DD-41C4-4B85-BB95-6BC7A3570CD8}.Release|Any CPU.Build.0 = Release|Any CPU
		{A826D992-F19C-4F16-81FF-C8BDFE2627F4}.Debug|Any CPU.ActiveCfg = Debug|Any CPU
		{A826D992-F19C-4F16-81FF-C8BDFE2627F4}.Debug|Any CPU.Build.0 = Debug|Any CPU
		{A826D992-F19C-4F16-81FF-C8BDFE2627F4}.Release|Any CPU.ActiveCfg = Release|Any CPU
		{A826D992-F19C-4F16-81FF-C8BDFE2627F4}.Release|Any CPU.Build.0 = Release|Any CPU
		{6C76B183-CBAF-4E0A-998B-580D976918D6}.Debug|Any CPU.ActiveCfg = Debug|Any CPU
		{6C76B183-CBAF-4E0A-998B-580D976918D6}.Debug|Any CPU.Build.0 = Debug|Any CPU
		{6C76B183-CBAF-4E0A-998B-580D976918D6}.Release|Any CPU.ActiveCfg = Release|Any CPU
		{6C76B183-CBAF-4E0A-998B-580D976918D6}.Release|Any CPU.Build.0 = Release|Any CPU
		{0D231599-9559-4326-A86F-7F8052A316C2}.Debug|Any CPU.ActiveCfg = Debug|Any CPU
		{0D231599-9559-4326-A86F-7F8052A316C2}.Debug|Any CPU.Build.0 = Debug|Any CPU
		{0D231599-9559-4326-A86F-7F8052A316C2}.Release|Any CPU.ActiveCfg = Release|Any CPU
		{0D231599-9559-4326-A86F-7F8052A316C2}.Release|Any CPU.Build.0 = Release|Any CPU
		{E42DB691-5E33-42A7-A80A-3A220E831DF9}.Debug|Any CPU.ActiveCfg = Debug|Any CPU
		{E42DB691-5E33-42A7-A80A-3A220E831DF9}.Debug|Any CPU.Build.0 = Debug|Any CPU
		{E42DB691-5E33-42A7-A80A-3A220E831DF9}.Release|Any CPU.ActiveCfg = Release|Any CPU
		{E42DB691-5E33-42A7-A80A-3A220E831DF9}.Release|Any CPU.Build.0 = Release|Any CPU
		{2C63F058-49A8-4918-BBF3-7ABD1490E40A}.Debug|Any CPU.ActiveCfg = Debug|Any CPU
		{2C63F058-49A8-4918-BBF3-7ABD1490E40A}.Debug|Any CPU.Build.0 = Debug|Any CPU
		{2C63F058-49A8-4918-BBF3-7ABD1490E40A}.Release|Any CPU.ActiveCfg = Release|Any CPU
		{2C63F058-49A8-4918-BBF3-7ABD1490E40A}.Release|Any CPU.Build.0 = Release|Any CPU
	EndGlobalSection
	GlobalSection(SolutionProperties) = preSolution
		HideSolutionNode = FALSE
	EndGlobalSection
	GlobalSection(ExtensibilityGlobals) = postSolution
		SolutionGuid = {386B7829-C411-45EB-9A0A-6298EB5DBFE8}
	EndGlobalSection
EndGlobal
