
Microsoft Visual Studio Solution File, Format Version 12.00
# Visual Studio Version 16
VisualStudioVersion = 16.0.29215.179
MinimumVisualStudioVersion = 10.0.40219.1
Project("{9A19103F-16F7-4668-BE54-9A1E7A4F7556}") = "1", "1\1.csproj", "{BAD9B611-35F1-4C2E-866A-12F10A63FAB6}"
EndProject
Project("{9A19103F-16F7-4668-BE54-9A1E7A4F7556}") = "2", "2\2.csproj", "{9F88A12F-6286-4A8D-9367-63941091A7F7}"
EndProject
Project("{9A19103F-16F7-4668-BE54-9A1E7A4F7556}") = "3", "3\3.csproj", "{7CCA7F36-5513-4E22-80D4-2822D26DB4FE}"
EndProject
Project("{9A19103F-16F7-4668-BE54-9A1E7A4F7556}") = "4", "4\4.csproj", "{96C08972-87FA-4921-AB83-FFAB912A8DC6}"
EndProject
Project("{9A19103F-16F7-4668-BE54-9A1E7A4F7556}") = "5", "5\5.csproj", "{47F79DE4-39CE-4EE0-BC71-AEB3B233E5C3}"
EndProject
Project("{9A19103F-16F7-4668-BE54-9A1E7A4F7556}") = "6", "6\6.csproj", "{EC9C5439-8F9F-4046-A7EE-3D7253B8DFAA}"
EndProject
Project("{9A19103F-16F7-4668-BE54-9A1E7A4F7556}") = "7", "7\7.csproj", "{7C67E51B-6421-43E4-AD95-8EB099C7804B}"
EndProject
Project("{FAE04EC0-301F-11D3-BF4B-00C04F79EFBC}") = "8", "8\8.csproj", "{D4E49BA3-AE75-49E1-BC29-DC470BD2EEA0}"
EndProject
Project("{FAE04EC0-301F-11D3-BF4B-00C04F79EFBC}") = "9", "9\9.csproj", "{F98DC62B-AE07-4248-9627-D27AD23C968B}"
EndProject
Project("{FAE04EC0-301F-11D3-BF4B-00C04F79EFBC}") = "10", "10\10.csproj", "{96577BB6-F5BC-4E65-922C-552F694FC8D4}"
EndProject
Global
	GlobalSection(SolutionConfigurationPlatforms) = preSolution
		Debug|Any CPU = Debug|Any CPU
		Release|Any CPU = Release|Any CPU
	EndGlobalSection
	GlobalSection(ProjectConfigurationPlatforms) = postSolution
		{BAD9B611-35F1-4C2E-866A-12F10A63FAB6}.Debug|Any CPU.ActiveCfg = Debug|Any CPU
		{BAD9B611-35F1-4C2E-866A-12F10A63FAB6}.Debug|Any CPU.Build.0 = Debug|Any CPU
		{BAD9B611-35F1-4C2E-866A-12F10A63FAB6}.Release|Any CPU.ActiveCfg = Release|Any CPU
		{BAD9B611-35F1-4C2E-866A-12F10A63FAB6}.Release|Any CPU.Build.0 = Release|Any CPU
		{9F88A12F-6286-4A8D-9367-63941091A7F7}.Debug|Any CPU.ActiveCfg = Debug|Any CPU
		{9F88A12F-6286-4A8D-9367-63941091A7F7}.Debug|Any CPU.Build.0 = Debug|Any CPU
		{9F88A12F-6286-4A8D-9367-63941091A7F7}.Release|Any CPU.ActiveCfg = Release|Any CPU
		{9F88A12F-6286-4A8D-9367-63941091A7F7}.Release|Any CPU.Build.0 = Release|Any CPU
		{7CCA7F36-5513-4E22-80D4-2822D26DB4FE}.Debug|Any CPU.ActiveCfg = Debug|Any CPU
		{7CCA7F36-5513-4E22-80D4-2822D26DB4FE}.Debug|Any CPU.Build.0 = Debug|Any CPU
		{7CCA7F36-5513-4E22-80D4-2822D26DB4FE}.Release|Any CPU.ActiveCfg = Release|Any CPU
		{7CCA7F36-5513-4E22-80D4-2822D26DB4FE}.Release|Any CPU.Build.0 = Release|Any CPU
		{96C08972-87FA-4921-AB83-FFAB912A8DC6}.Debug|Any CPU.ActiveCfg = Debug|Any CPU
		{96C08972-87FA-4921-AB83-FFAB912A8DC6}.Debug|Any CPU.Build.0 = Debug|Any CPU
		{96C08972-87FA-4921-AB83-FFAB912A8DC6}.Release|Any CPU.ActiveCfg = Release|Any CPU
		{96C08972-87FA-4921-AB83-FFAB912A8DC6}.Release|Any CPU.Build.0 = Release|Any CPU
		{47F79DE4-39CE-4EE0-BC71-AEB3B233E5C3}.Debug|Any CPU.ActiveCfg = Debug|Any CPU
		{47F79DE4-39CE-4EE0-BC71-AEB3B233E5C3}.Debug|Any CPU.Build.0 = Debug|Any CPU
		{47F79DE4-39CE-4EE0-BC71-AEB3B233E5C3}.Release|Any CPU.ActiveCfg = Release|Any CPU
		{47F79DE4-39CE-4EE0-BC71-AEB3B233E5C3}.Release|Any CPU.Build.0 = Release|Any CPU
		{EC9C5439-8F9F-4046-A7EE-3D7253B8DFAA}.Debug|Any CPU.ActiveCfg = Debug|Any CPU
		{EC9C5439-8F9F-4046-A7EE-3D7253B8DFAA}.Debug|Any CPU.Build.0 = Debug|Any CPU
		{EC9C5439-8F9F-4046-A7EE-3D7253B8DFAA}.Release|Any CPU.ActiveCfg = Release|Any CPU
		{EC9C5439-8F9F-4046-A7EE-3D7253B8DFAA}.Release|Any CPU.Build.0 = Release|Any CPU
		{7C67E51B-6421-43E4-AD95-8EB099C7804B}.Debug|Any CPU.ActiveCfg = Debug|Any CPU
		{7C67E51B-6421-43E4-AD95-8EB099C7804B}.Debug|Any CPU.Build.0 = Debug|Any CPU
		{7C67E51B-6421-43E4-AD95-8EB099C7804B}.Release|Any CPU.ActiveCfg = Release|Any CPU
		{7C67E51B-6421-43E4-AD95-8EB099C7804B}.Release|Any CPU.Build.0 = Release|Any CPU
		{D4E49BA3-AE75-49E1-BC29-DC470BD2EEA0}.Debug|Any CPU.ActiveCfg = Debug|Any CPU
		{D4E49BA3-AE75-49E1-BC29-DC470BD2EEA0}.Debug|Any CPU.Build.0 = Debug|Any CPU
		{D4E49BA3-AE75-49E1-BC29-DC470BD2EEA0}.Release|Any CPU.ActiveCfg = Release|Any CPU
		{D4E49BA3-AE75-49E1-BC29-DC470BD2EEA0}.Release|Any CPU.Build.0 = Release|Any CPU
		{F98DC62B-AE07-4248-9627-D27AD23C968B}.Debug|Any CPU.ActiveCfg = Debug|Any CPU
		{F98DC62B-AE07-4248-9627-D27AD23C968B}.Debug|Any CPU.Build.0 = Debug|Any CPU
		{F98DC62B-AE07-4248-9627-D27AD23C968B}.Release|Any CPU.ActiveCfg = Release|Any CPU
		{F98DC62B-AE07-4248-9627-D27AD23C968B}.Release|Any CPU.Build.0 = Release|Any CPU
		{96577BB6-F5BC-4E65-922C-552F694FC8D4}.Debug|Any CPU.ActiveCfg = Debug|Any CPU
		{96577BB6-F5BC-4E65-922C-552F694FC8D4}.Debug|Any CPU.Build.0 = Debug|Any CPU
		{96577BB6-F5BC-4E65-922C-552F694FC8D4}.Release|Any CPU.ActiveCfg = Release|Any CPU
		{96577BB6-F5BC-4E65-922C-552F694FC8D4}.Release|Any CPU.Build.0 = Release|Any CPU
	EndGlobalSection
	GlobalSection(SolutionProperties) = preSolution
		HideSolutionNode = FALSE
	EndGlobalSection
	GlobalSection(ExtensibilityGlobals) = postSolution
		SolutionGuid = {334C86D4-4CFB-41C2-A478-2E0D7B87D9B9}
	EndGlobalSection
EndGlobal
